
Microsoft Visual Studio Solution File, Format Version 12.00
# Visual Studio 2013
VisualStudioVersion = 12.0.40629.0
MinimumVisualStudioVersion = 10.0.40219.1
Project("{FAE04EC0-301F-11D3-BF4B-00C04F79EFBC}") = "Task1.Mvc", "Task1.Mvc\Task1.Mvc.csproj", "{0A854FB0-6496-4B12-90C8-00893E1DD32A}"
EndProject
Project("{FAE04EC0-301F-11D3-BF4B-00C04F79EFBC}") = "Task1.Infrastructure", "Task1.Infrastructure\Task1.Infrastructure.csproj", "{684269B7-BDB8-46F1-AFA0-FA1A0924CA54}"
EndProject
Project("{FAE04EC0-301F-11D3-BF4B-00C04F79EFBC}") = "Task1.Core", "Task1.Core\Task1.Core.csproj", "{C870D60B-8C16-4943-A80D-F737224E23D4}"
EndProject
Project("{FAE04EC0-301F-11D3-BF4B-00C04F79EFBC}") = "Task1.Core.Entities", "Task1.Core.Entities\Task1.Core.Entities.csproj", "{85F8968C-9F9C-4C25-8F66-3F9C8FAFBFDD}"
EndProject
Project("{FAE04EC0-301F-11D3-BF4B-00C04F79EFBC}") = "Task1.Tests", "Task1.Tests\Task1.Tests.csproj", "{D76F6E07-C76E-4906-96B3-4FB49AE4E546}"
EndProject
Project("{2150E333-8FDC-42A3-9474-1A3956D46DE8}") = ".nuget", ".nuget", "{F3CFF68B-D2DC-4D6E-9E57-6EACDB9F48F5}"
	ProjectSection(SolutionItems) = preProject
		.nuget\packages.config = .nuget\packages.config
	EndProjectSection
EndProject
Global
	GlobalSection(SolutionConfigurationPlatforms) = preSolution
		Debug|Any CPU = Debug|Any CPU
		Release|Any CPU = Release|Any CPU
	EndGlobalSection
	GlobalSection(ProjectConfigurationPlatforms) = postSolution
		{0A854FB0-6496-4B12-90C8-00893E1DD32A}.Debug|Any CPU.ActiveCfg = Debug|Any CPU
		{0A854FB0-6496-4B12-90C8-00893E1DD32A}.Debug|Any CPU.Build.0 = Debug|Any CPU
		{0A854FB0-6496-4B12-90C8-00893E1DD32A}.Release|Any CPU.ActiveCfg = Release|Any CPU
		{0A854FB0-6496-4B12-90C8-00893E1DD32A}.Release|Any CPU.Build.0 = Release|Any CPU
		{684269B7-BDB8-46F1-AFA0-FA1A0924CA54}.Debug|Any CPU.ActiveCfg = Debug|Any CPU
		{684269B7-BDB8-46F1-AFA0-FA1A0924CA54}.Debug|Any CPU.Build.0 = Debug|Any CPU
		{684269B7-BDB8-46F1-AFA0-FA1A0924CA54}.Release|Any CPU.ActiveCfg = Release|Any CPU
		{684269B7-BDB8-46F1-AFA0-FA1A0924CA54}.Release|Any CPU.Build.0 = Release|Any CPU
		{C870D60B-8C16-4943-A80D-F737224E23D4}.Debug|Any CPU.ActiveCfg = Debug|Any CPU
		{C870D60B-8C16-4943-A80D-F737224E23D4}.Debug|Any CPU.Build.0 = Debug|Any CPU
		{C870D60B-8C16-4943-A80D-F737224E23D4}.Release|Any CPU.ActiveCfg = Release|Any CPU
		{C870D60B-8C16-4943-A80D-F737224E23D4}.Release|Any CPU.Build.0 = Release|Any CPU
		{85F8968C-9F9C-4C25-8F66-3F9C8FAFBFDD}.Debug|Any CPU.ActiveCfg = Debug|Any CPU
		{85F8968C-9F9C-4C25-8F66-3F9C8FAFBFDD}.Debug|Any CPU.Build.0 = Debug|Any CPU
		{85F8968C-9F9C-4C25-8F66-3F9C8FAFBFDD}.Release|Any CPU.ActiveCfg = Release|Any CPU
		{85F8968C-9F9C-4C25-8F66-3F9C8FAFBFDD}.Release|Any CPU.Build.0 = Release|Any CPU
		{D76F6E07-C76E-4906-96B3-4FB49AE4E546}.Debug|Any CPU.ActiveCfg = Debug|Any CPU
		{D76F6E07-C76E-4906-96B3-4FB49AE4E546}.Debug|Any CPU.Build.0 = Debug|Any CPU
		{D76F6E07-C76E-4906-96B3-4FB49AE4E546}.Release|Any CPU.ActiveCfg = Release|Any CPU
		{D76F6E07-C76E-4906-96B3-4FB49AE4E546}.Release|Any CPU.Build.0 = Release|Any CPU
	EndGlobalSection
	GlobalSection(SolutionProperties) = preSolution
		HideSolutionNode = FALSE
	EndGlobalSection
EndGlobal
